
Microsoft Visual Studio Solution File, Format Version 12.00
# Visual Studio 14
VisualStudioVersion = 14.0.25420.1
MinimumVisualStudioVersion = 10.0.40219.1
Project("{FAE04EC0-301F-11D3-BF4B-00C04F79EFBC}") = "AJAXEventCalendar", "AJAXEventCalendar\AJAXEventCalendar.csproj", "{E6BFDCD0-6601-4457-8889-2E341E2C9DAB}"
EndProject
Global
	GlobalSection(SolutionConfigurationPlatforms) = preSolution
		Debug|Any CPU = Debug|Any CPU
		Release|Any CPU = Release|Any CPU
	EndGlobalSection
	GlobalSection(ProjectConfigurationPlatforms) = postSolution
		{E6BFDCD0-6601-4457-8889-2E341E2C9DAB}.Debug|Any CPU.ActiveCfg = Debug|Any CPU
		{E6BFDCD0-6601-4457-8889-2E341E2C9DAB}.Debug|Any CPU.Build.0 = Debug|Any CPU
		{E6BFDCD0-6601-4457-8889-2E341E2C9DAB}.Release|Any CPU.ActiveCfg = Release|Any CPU
		{E6BFDCD0-6601-4457-8889-2E341E2C9DAB}.Release|Any CPU.Build.0 = Release|Any CPU
	EndGlobalSection
	GlobalSection(SolutionProperties) = preSolution
		HideSolutionNode = FALSE
	EndGlobalSection
EndGlobal
